// !$*UTF8*$!
{
	archiveVersion = 1;
	classes = {
	};
	objectVersion = 56;
	objects = {

/* Begin PBXBuildFile section */
		8A1B2C3D00060000000000FF /* OstrovokApp.swift in Sources */ = {isa = PBXBuildFile; fileRef = 8A1B2C3D00010000000000FF /* OstrovokApp.swift */; };
		8A1B2C3D00070000000000FF /* AppDelegate.swift in Sources */ = {isa = PBXBuildFile; fileRef = 8A1B2C3D00020000000000FF /* AppDelegate.swift */; };
		8A1B2C3D00080000000000FF /* Assets.xcassets in Resources */ = {isa = PBXBuildFile; fileRef = 8A1B2C3D00040000000000FF /* Assets.xcassets */; };
		8A1B2C3D001D0000000000FF /* ScreenHelper.swift in Sources */ = {isa = PBXBuildFile; fileRef = 8A1B2C3D00180000000000FF /* ScreenHelper.swift */; };
		8A1B2C3D001E0000000000FF /* NotchWindow.swift in Sources */ = {isa = PBXBuildFile; fileRef = 8A1B2C3D00190000000000FF /* NotchWindow.swift */; };
		8A1B2C3D001F0000000000FF /* NotchManager.swift in Sources */ = {isa = PBXBuildFile; fileRef = 8A1B2C3D001A0000000000FF /* NotchManager.swift */; };
		8A1B2C3D00200000000000FF /* NotchViewModel.swift in Sources */ = {isa = PBXBuildFile; fileRef = 8A1B2C3D001B0000000000FF /* NotchViewModel.swift */; };
		8A1B2C3D00210000000000FF /* NotchContentView.swift in Sources */ = {isa = PBXBuildFile; fileRef = 8A1B2C3D001C0000000000FF /* NotchContentView.swift */; };
		8A1B2C3D00240000000000FF /* NotchShape.swift in Sources */ = {isa = PBXBuildFile; fileRef = 8A1B2C3D00250000000000FF /* NotchShape.swift */; };
		8A1B2C3D00260000000000FF /* MouseTracker.swift in Sources */ = {isa = PBXBuildFile; fileRef = 8A1B2C3D00270000000000FF /* MouseTracker.swift */; };
		8A1B2C3D00280000000000FF /* CollapsedNotchView.swift in Sources */ = {isa = PBXBuildFile; fileRef = 8A1B2C3D00290000000000FF /* CollapsedNotchView.swift */; };
		8A1B2C3D002A0000000000FF /* ExpandedNotchView.swift in Sources */ = {isa = PBXBuildFile; fileRef = 8A1B2C3D002B0000000000FF /* ExpandedNotchView.swift */; };
		8A1B2C3D002C0000000000FF /* MediaRemoteBridge.swift in Sources */ = {isa = PBXBuildFile; fileRef = 8A1B2C3D002D0000000000FF /* MediaRemoteBridge.swift */; };
		8A1B2C3D002E0000000000FF /* NowPlayingService.swift in Sources */ = {isa = PBXBuildFile; fileRef = 8A1B2C3D002F0000000000FF /* NowPlayingService.swift */; };
		8A1B2C3D00300000000000FF /* NowPlayingWidget.swift in Sources */ = {isa = PBXBuildFile; fileRef = 8A1B2C3D00310000000000FF /* NowPlayingWidget.swift */; };
/* End PBXBuildFile section */

/* Begin PBXFileReference section */
		8A1B2C3D00010000000000FF /* OstrovokApp.swift */ = {isa = PBXFileReference; lastKnownFileType = sourcecode.swift; path = OstrovokApp.swift; sourceTree = "<group>"; };
		8A1B2C3D00020000000000FF /* AppDelegate.swift */ = {isa = PBXFileReference; lastKnownFileType = sourcecode.swift; path = AppDelegate.swift; sourceTree = "<group>"; };
		8A1B2C3D00030000000000FF /* Info.plist */ = {isa = PBXFileReference; lastKnownFileType = text.plist.xml; path = Info.plist; sourceTree = "<group>"; };
		8A1B2C3D00040000000000FF /* Assets.xcassets */ = {isa = PBXFileReference; lastKnownFileType = folder.assetcatalog; path = Assets.xcassets; sourceTree = "<group>"; };
		8A1B2C3D00050000000000FF /* ostrovok.entitlements */ = {isa = PBXFileReference; lastKnownFileType = text.plist.entitlements; path = ostrovok.entitlements; sourceTree = "<group>"; };
		8A1B2C3D000C0000000000FF /* Ostrovok.app */ = {isa = PBXFileReference; explicitFileType = wrapper.application; includeInIndex = 0; path = Ostrovok.app; sourceTree = BUILT_PRODUCTS_DIR; };
		8A1B2C3D00180000000000FF /* ScreenHelper.swift */ = {isa = PBXFileReference; lastKnownFileType = sourcecode.swift; path = ScreenHelper.swift; sourceTree = "<group>"; };
		8A1B2C3D00190000000000FF /* NotchWindow.swift */ = {isa = PBXFileReference; lastKnownFileType = sourcecode.swift; path = NotchWindow.swift; sourceTree = "<group>"; };
		8A1B2C3D001A0000000000FF /* NotchManager.swift */ = {isa = PBXFileReference; lastKnownFileType = sourcecode.swift; path = NotchManager.swift; sourceTree = "<group>"; };
		8A1B2C3D001B0000000000FF /* NotchViewModel.swift */ = {isa = PBXFileReference; lastKnownFileType = sourcecode.swift; path = NotchViewModel.swift; sourceTree = "<group>"; };
		8A1B2C3D001C0000000000FF /* NotchContentView.swift */ = {isa = PBXFileReference; lastKnownFileType = sourcecode.swift; path = NotchContentView.swift; sourceTree = "<group>"; };
		8A1B2C3D00250000000000FF /* NotchShape.swift */ = {isa = PBXFileReference; lastKnownFileType = sourcecode.swift; path = NotchShape.swift; sourceTree = "<group>"; };
		8A1B2C3D00270000000000FF /* MouseTracker.swift */ = {isa = PBXFileReference; lastKnownFileType = sourcecode.swift; path = MouseTracker.swift; sourceTree = "<group>"; };
		8A1B2C3D00290000000000FF /* CollapsedNotchView.swift */ = {isa = PBXFileReference; lastKnownFileType = sourcecode.swift; path = CollapsedNotchView.swift; sourceTree = "<group>"; };
		8A1B2C3D002B0000000000FF /* ExpandedNotchView.swift */ = {isa = PBXFileReference; lastKnownFileType = sourcecode.swift; path = ExpandedNotchView.swift; sourceTree = "<group>"; };
		8A1B2C3D002D0000000000FF /* MediaRemoteBridge.swift */ = {isa = PBXFileReference; lastKnownFileType = sourcecode.swift; path = MediaRemoteBridge.swift; sourceTree = "<group>"; };
		8A1B2C3D002F0000000000FF /* NowPlayingService.swift */ = {isa = PBXFileReference; lastKnownFileType = sourcecode.swift; path = NowPlayingService.swift; sourceTree = "<group>"; };
		8A1B2C3D00310000000000FF /* NowPlayingWidget.swift */ = {isa = PBXFileReference; lastKnownFileType = sourcecode.swift; path = NowPlayingWidget.swift; sourceTree = "<group>"; };
/* End PBXFileReference section */

/* Begin PBXFrameworksBuildPhase section */
		8A1B2C3D00100000000000FF /* Frameworks */ = {
			isa = PBXFrameworksBuildPhase;
			buildActionMask = 2147483647;
			files = (
			);
			runOnlyForDeploymentPostprocessing = 0;
		};
/* End PBXFrameworksBuildPhase section */

/* Begin PBXGroup section */
		8A1B2C3D00090000000000FF = {
			isa = PBXGroup;
			children = (
				8A1B2C3D000A0000000000FF /* ostrovok */,
				8A1B2C3D000B0000000000FF /* Products */,
			);
			sourceTree = "<group>";
		};
		8A1B2C3D000A0000000000FF /* ostrovok */ = {
			isa = PBXGroup;
			children = (
				8A1B2C3D00010000000000FF /* OstrovokApp.swift */,
				8A1B2C3D00020000000000FF /* AppDelegate.swift */,
				8A1B2C3D00220000000000FF /* Core */,
				8A1B2C3D00230000000000FF /* Views */,
				8A1B2C3D00320000000000FF /* Widgets */,
				8A1B2C3D00330000000000FF /* Services */,
				8A1B2C3D00040000000000FF /* Assets.xcassets */,
				8A1B2C3D00030000000000FF /* Info.plist */,
				8A1B2C3D00050000000000FF /* ostrovok.entitlements */,
			);
			path = ostrovok;
			sourceTree = "<group>";
		};
		8A1B2C3D00220000000000FF /* Core */ = {
			isa = PBXGroup;
			children = (
				8A1B2C3D00180000000000FF /* ScreenHelper.swift */,
				8A1B2C3D00190000000000FF /* NotchWindow.swift */,
				8A1B2C3D001A0000000000FF /* NotchManager.swift */,
				8A1B2C3D001B0000000000FF /* NotchViewModel.swift */,
				8A1B2C3D00270000000000FF /* MouseTracker.swift */,
			);
			path = Core;
			sourceTree = "<group>";
		};
		8A1B2C3D00230000000000FF /* Views */ = {
			isa = PBXGroup;
			children = (
				8A1B2C3D001C0000000000FF /* NotchContentView.swift */,
				8A1B2C3D00250000000000FF /* NotchShape.swift */,
				8A1B2C3D00290000000000FF /* CollapsedNotchView.swift */,
				8A1B2C3D002B0000000000FF /* ExpandedNotchView.swift */,
			);
			path = Views;
			sourceTree = "<group>";
		};
		8A1B2C3D00320000000000FF /* Widgets */ = {
			isa = PBXGroup;
			children = (
				8A1B2C3D00310000000000FF /* NowPlayingWidget.swift */,
			);
			path = Widgets;
			sourceTree = "<group>";
		};
		8A1B2C3D00330000000000FF /* Services */ = {
			isa = PBXGroup;
			children = (
				8A1B2C3D002D0000000000FF /* MediaRemoteBridge.swift */,
				8A1B2C3D002F0000000000FF /* NowPlayingService.swift */,
			);
			path = Services;
			sourceTree = "<group>";
		};
		8A1B2C3D000B0000000000FF /* Products */ = {
			isa = PBXGroup;
			children = (
				8A1B2C3D000C0000000000FF /* Ostrovok.app */,
			);
			name = Products;
			sourceTree = "<group>";
		};
/* End PBXGroup section */

/* Begin PBXNativeTarget section */
		8A1B2C3D000D0000000000FF /* Ostrovok */ = {
			isa = PBXNativeTarget;
			buildConfigurationList = 8A1B2C3D00150000000000FF /* Build configuration list for PBXNativeTarget "Ostrovok" */;
			buildPhases = (
				8A1B2C3D000E0000000000FF /* Sources */,
				8A1B2C3D000F0000000000FF /* Resources */,
				8A1B2C3D00100000000000FF /* Frameworks */,
			);
			buildRules = (
			);
			dependencies = (
			);
			name = Ostrovok;
			productName = Ostrovok;
			productReference = 8A1B2C3D000C0000000000FF /* Ostrovok.app */;
			productType = "com.apple.product-type.application";
		};
/* End PBXNativeTarget section */

/* Begin PBXProject section */
		8A1B2C3D00170000000000FF /* Project object */ = {
			isa = PBXProject;
			attributes = {
				BuildIndependentTargetsInParallel = 1;
				LastSwiftUpdateCheck = 1600;
				LastUpgradeCheck = 1600;
			};
			buildConfigurationList = 8A1B2C3D00160000000000FF /* Build configuration list for PBXProject "ostrovok" */;
			compatibilityVersion = "Xcode 14.0";
			developmentRegion = en;
			hasScannedForEncodings = 0;
			knownRegions = (
				en,
				Base,
			);
			mainGroup = 8A1B2C3D00090000000000FF;
			productRefGroup = 8A1B2C3D000B0000000000FF /* Products */;
			projectDirPath = "";
			projectRoot = "";
			targets = (
				8A1B2C3D000D0000000000FF /* Ostrovok */,
			);
		};
/* End PBXProject section */

/* Begin PBXResourcesBuildPhase section */
		8A1B2C3D000F0000000000FF /* Resources */ = {
			isa = PBXResourcesBuildPhase;
			buildActionMask = 2147483647;
			files = (
				8A1B2C3D00080000000000FF /* Assets.xcassets in Resources */,
			);
			runOnlyForDeploymentPostprocessing = 0;
		};
/* End PBXResourcesBuildPhase section */

/* Begin PBXSourcesBuildPhase section */
		8A1B2C3D000E0000000000FF /* Sources */ = {
			isa = PBXSourcesBuildPhase;
			buildActionMask = 2147483647;
			files = (
				8A1B2C3D00060000000000FF /* OstrovokApp.swift in Sources */,
				8A1B2C3D00070000000000FF /* AppDelegate.swift in Sources */,
				8A1B2C3D001D0000000000FF /* ScreenHelper.swift in Sources */,
				8A1B2C3D001E0000000000FF /* NotchWindow.swift in Sources */,
				8A1B2C3D001F0000000000FF /* NotchManager.swift in Sources */,
				8A1B2C3D00200000000000FF /* NotchViewModel.swift in Sources */,
				8A1B2C3D00210000000000FF /* NotchContentView.swift in Sources */,
				8A1B2C3D00240000000000FF /* NotchShape.swift in Sources */,
				8A1B2C3D00260000000000FF /* MouseTracker.swift in Sources */,
				8A1B2C3D00280000000000FF /* CollapsedNotchView.swift in Sources */,
				8A1B2C3D002A0000000000FF /* ExpandedNotchView.swift in Sources */,
				8A1B2C3D002C0000000000FF /* MediaRemoteBridge.swift in Sources */,
				8A1B2C3D002E0000000000FF /* NowPlayingService.swift in Sources */,
				8A1B2C3D00300000000000FF /* NowPlayingWidget.swift in Sources */,
			);
			runOnlyForDeploymentPostprocessing = 0;
		};
/* End PBXSourcesBuildPhase section */

/* Begin XCBuildConfiguration section */
		8A1B2C3D00110000000000FF /* Debug */ = {
			isa = XCBuildConfiguration;
			buildSettings = {
				ASSETCATALOG_COMPILER_APPICON_NAME = AppIcon;
				CODE_SIGN_ENTITLEMENTS = ostrovok/ostrovok.entitlements;
				CODE_SIGN_STYLE = Automatic;
				COMBINE_HIDPI_IMAGES = YES;
				CURRENT_PROJECT_VERSION = 1;
				GENERATE_INFOPLIST_FILE = NO;
				INFOPLIST_FILE = ostrovok/Info.plist;
				LD_RUNPATH_SEARCH_PATHS = (
					"$(inherited)",
					"@executable_path/../Frameworks",
				);
				MARKETING_VERSION = 0.1.0;
				PRODUCT_BUNDLE_IDENTIFIER = com.ostrovok.app;
				PRODUCT_NAME = "$(TARGET_NAME)";
				SWIFT_EMIT_LOC_STRINGS = YES;
				SWIFT_VERSION = 5.0;
			};
			name = Debug;
		};
		8A1B2C3D00120000000000FF /* Release */ = {
			isa = XCBuildConfiguration;
			buildSettings = {
				ASSETCATALOG_COMPILER_APPICON_NAME = AppIcon;
				CODE_SIGN_ENTITLEMENTS = ostrovok/ostrovok.entitlements;
				CODE_SIGN_STYLE = Automatic;
				COMBINE_HIDPI_IMAGES = YES;
				CURRENT_PROJECT_VERSION = 1;
				GENERATE_INFOPLIST_FILE = NO;
				INFOPLIST_FILE = ostrovok/Info.plist;
				LD_RUNPATH_SEARCH_PATHS = (
					"$(inherited)",
					"@executable_path/../Frameworks",
				);
				MARKETING_VERSION = 0.1.0;
				PRODUCT_BUNDLE_IDENTIFIER = com.ostrovok.app;
				PRODUCT_NAME = "$(TARGET_NAME)";
				SWIFT_EMIT_LOC_STRINGS = YES;
				SWIFT_VERSION = 5.0;
			};
			name = Release;
		};
		8A1B2C3D00130000000000FF /* Debug */ = {
			isa = XCBuildConfiguration;
			buildSettings = {
				ALWAYS_SEARCH_USER_PATHS = NO;
				ASSETCATALOG_COMPILER_GENERATE_SWIFT_ASSET_SYMBOL_EXTENSIONS = YES;
				CLANG_ANALYZER_NONNULL = YES;
				CLANG_ANALYZER_NUMBER_OBJECT_CONVERSION = YES_AGGRESSIVE;
				CLANG_CXX_LANGUAGE_STANDARD = "gnu++20";
				CLANG_ENABLE_MODULES = YES;
				CLANG_ENABLE_OBJC_ARC = YES;
				CLANG_ENABLE_OBJC_WEAK = YES;
				CLANG_WARN_BLOCK_CAPTURE_AUTORELEASING = YES;
				CLANG_WARN_BOOL_CONVERSION = YES;
				CLANG_WARN_COMMA = YES;
				CLANG_WARN_CONSTANT_CONVERSION = YES;
				CLANG_WARN_DEPRECATED_OBJC_IMPLEMENTATIONS = YES;
				CLANG_WARN_DIRECT_OBJC_ISA_USAGE = YES_ERROR;
				CLANG_WARN_DOCUMENTATION_COMMENTS = YES;
				CLANG_WARN_EMPTY_BODY = YES;
				CLANG_WARN_ENUM_CONVERSION = YES;
				CLANG_WARN_INFINITE_RECURSION = YES;
				CLANG_WARN_INT_CONVERSION = YES;
				CLANG_WARN_NON_LITERAL_NULL_CONVERSION = YES;
				CLANG_WARN_OBJC_IMPLICIT_RETAIN_SELF = YES;
				CLANG_WARN_OBJC_LITERAL_CONVERSION = YES;
				CLANG_WARN_OBJC_ROOT_CLASS = YES_ERROR;
				CLANG_WARN_QUOTED_INCLUDE_IN_FRAMEWORK_HEADER = YES;
				CLANG_WARN_RANGE_LOOP_ANALYSIS = YES;
				CLANG_WARN_STRICT_PROTOTYPES = YES;
				CLANG_WARN_SUSPICIOUS_MOVE = YES;
				CLANG_WARN_UNGUARDED_AVAILABILITY = YES_AGGRESSIVE;
				CLANG_WARN_UNREACHABLE_CODE = YES;
				CLANG_WARN__DUPLICATE_METHOD_MATCH = YES;
				COPY_PHASE_STRIP = NO;
				DEBUG_INFORMATION_FORMAT = dwarf;
				ENABLE_STRICT_OBJC_MSGSEND = YES;
				ENABLE_TESTABILITY = YES;
				ENABLE_USER_SCRIPT_SANDBOXING = YES;
				GCC_C_LANGUAGE_STANDARD = gnu17;
				GCC_DYNAMIC_NO_PIC = NO;
				GCC_NO_COMMON_BLOCKS = YES;
				GCC_OPTIMIZATION_LEVEL = 0;
				GCC_PREPROCESSOR_DEFINITIONS = (
					"DEBUG=1",
					"$(inherited)",
				);
				GCC_WARN_64_TO_32_BIT_CONVERSION = YES;
				GCC_WARN_ABOUT_RETURN_TYPE = YES_ERROR;
				GCC_WARN_UNDECLARED_SELECTOR = YES;
				GCC_WARN_UNINITIALIZED_AUTOS = YES_AGGRESSIVE;
				GCC_WARN_UNUSED_FUNCTION = YES;
				GCC_WARN_UNUSED_VARIABLE = YES;
				MACOSX_DEPLOYMENT_TARGET = 15.0;
				MTL_ENABLE_DEBUG_INFO = INCLUDE_SOURCE;
				MTL_FAST_MATH = YES;
				ONLY_ACTIVE_ARCH = YES;
				SDKROOT = macosx;
				SWIFT_ACTIVE_COMPILATION_CONDITIONS = "DEBUG $(inherited)";
				SWIFT_OPTIMIZATION_LEVEL = "-Onone";
			};
			name = Debug;
		};
		8A1B2C3D00140000000000FF /* Release */ = {
			isa = XCBuildConfiguration;
			buildSettings = {
				ALWAYS_SEARCH_USER_PATHS = NO;
				ASSETCATALOG_COMPILER_GENERATE_SWIFT_ASSET_SYMBOL_EXTENSIONS = YES;
				CLANG_ANALYZER_NONNULL = YES;
				CLANG_ANALYZER_NUMBER_OBJECT_CONVERSION = YES_AGGRESSIVE;
				CLANG_CXX_LANGUAGE_STANDARD = "gnu++20";
				CLANG_ENABLE_MODULES = YES;
				CLANG_ENABLE_OBJC_ARC = YES;
				CLANG_ENABLE_OBJC_WEAK = YES;
				CLANG_WARN_BLOCK_CAPTURE_AUTORELEASING = YES;
				CLANG_WARN_BOOL_CONVERSION = YES;
				CLANG_WARN_COMMA = YES;
				CLANG_WARN_CONSTANT_CONVERSION = YES;
				CLANG_WARN_DEPRECATED_OBJC_IMPLEMENTATIONS = YES;
				CLANG_WARN_DIRECT_OBJC_ISA_USAGE = YES_ERROR;
				CLANG_WARN_DOCUMENTATION_COMMENTS = YES;
				CLANG_WARN_EMPTY_BODY = YES;
				CLANG_WARN_ENUM_CONVERSION = YES;
				CLANG_WARN_INFINITE_RECURSION = YES;
				CLANG_WARN_INT_CONVERSION = YES;
				CLANG_WARN_NON_LITERAL_NULL_CONVERSION = YES;
				CLANG_WARN_OBJC_IMPLICIT_RETAIN_SELF = YES;
				CLANG_WARN_OBJC_LITERAL_CONVERSION = YES;
				CLANG_WARN_OBJC_ROOT_CLASS = YES_ERROR;
				CLANG_WARN_QUOTED_INCLUDE_IN_FRAMEWORK_HEADER = YES;
				CLANG_WARN_RANGE_LOOP_ANALYSIS = YES;
				CLANG_WARN_STRICT_PROTOTYPES = YES;
				CLANG_WARN_SUSPICIOUS_MOVE = YES;
				CLANG_WARN_UNGUARDED_AVAILABILITY = YES_AGGRESSIVE;
				CLANG_WARN_UNREACHABLE_CODE = YES;
				CLANG_WARN__DUPLICATE_METHOD_MATCH = YES;
				COPY_PHASE_STRIP = NO;
				DEBUG_INFORMATION_FORMAT = "dwarf-with-dsym";
				ENABLE_NS_ASSERTIONS = NO;
				ENABLE_STRICT_OBJC_MSGSEND = YES;
				ENABLE_USER_SCRIPT_SANDBOXING = YES;
				GCC_C_LANGUAGE_STANDARD = gnu17;
				GCC_NO_COMMON_BLOCKS = YES;
				GCC_WARN_64_TO_32_BIT_CONVERSION = YES;
				GCC_WARN_ABOUT_RETURN_TYPE = YES_ERROR;
				GCC_WARN_UNDECLARED_SELECTOR = YES;
				GCC_WARN_UNINITIALIZED_AUTOS = YES_AGGRESSIVE;
				GCC_WARN_UNUSED_FUNCTION = YES;
				GCC_WARN_UNUSED_VARIABLE = YES;
				MACOSX_DEPLOYMENT_TARGET = 15.0;
				MTL_ENABLE_DEBUG_INFO = NO;
				MTL_FAST_MATH = YES;
				SDKROOT = macosx;
				SWIFT_COMPILATION_MODE = wholemodule;
			};
			name = Release;
		};
/* End XCBuildConfiguration section */

/* Begin XCConfigurationList section */
		8A1B2C3D00150000000000FF /* Build configuration list for PBXNativeTarget "Ostrovok" */ = {
			isa = XCConfigurationList;
			buildConfigurations = (
				8A1B2C3D00110000000000FF /* Debug */,
				8A1B2C3D00120000000000FF /* Release */,
			);
			defaultConfigurationIsVisible = 0;
			defaultConfigurationName = Release;
		};
		8A1B2C3D00160000000000FF /* Build configuration list for PBXProject "ostrovok" */ = {
			isa = XCConfigurationList;
			buildConfigurations = (
				8A1B2C3D00130000000000FF /* Debug */,
				8A1B2C3D00140000000000FF /* Release */,
			);
			defaultConfigurationIsVisible = 0;
			defaultConfigurationName = Release;
		};
/* End XCConfigurationList section */

	};
	rootObject = 8A1B2C3D00170000000000FF /* Project object */;
}
